
Microsoft Visual Studio Solution File, Format Version 12.00
# Visual Studio Version 16
VisualStudioVersion = 16.0.29403.142
MinimumVisualStudioVersion = 10.0.40219.1
Project("{FAE04EC0-301F-11D3-BF4B-00C04F79EFBC}") = "Advent2018_10a", "Advent2018_10a\Advent2018_10a.csproj", "{C2E0D1B0-8C95-441D-8F95-75F93221909C}"
EndProject
Global
	GlobalSection(SolutionConfigurationPlatforms) = preSolution
		Debug|Any CPU = Debug|Any CPU
		Release|Any CPU = Release|Any CPU
	EndGlobalSection
	GlobalSection(ProjectConfigurationPlatforms) = postSolution
		{C2E0D1B0-8C95-441D-8F95-75F93221909C}.Debug|Any CPU.ActiveCfg = Debug|Any CPU
		{C2E0D1B0-8C95-441D-8F95-75F93221909C}.Debug|Any CPU.Build.0 = Debug|Any CPU
		{C2E0D1B0-8C95-441D-8F95-75F93221909C}.Release|Any CPU.ActiveCfg = Release|Any CPU
		{C2E0D1B0-8C95-441D-8F95-75F93221909C}.Release|Any CPU.Build.0 = Release|Any CPU
	EndGlobalSection
	GlobalSection(SolutionProperties) = preSolution
		HideSolutionNode = FALSE
	EndGlobalSection
	GlobalSection(ExtensibilityGlobals) = postSolution
		SolutionGuid = {1961E570-C4A4-45EC-A0CB-E4B785D42336}
	EndGlobalSection
EndGlobal
